// !$*UTF8*$!
{
	archiveVersion = 1;
	classes = {
	};
	objectVersion = 46;
	objects = {

/* Begin PBXBuildFile section */
		D625F0441A81C61F00EFD3B4 /* AppDelegate.swift in Sources */ = {isa = PBXBuildFile; fileRef = D625F0411A81C61F00EFD3B4 /* AppDelegate.swift */; };
		D625F0451A81C61F00EFD3B4 /* GestureView.swift in Sources */ = {isa = PBXBuildFile; fileRef = D625F0421A81C61F00EFD3B4 /* GestureView.swift */; };
		D625F0461A81C61F00EFD3B4 /* ViewController.swift in Sources */ = {isa = PBXBuildFile; fileRef = D625F0431A81C61F00EFD3B4 /* ViewController.swift */; };
		D625F0511A81C65A00EFD3B4 /* Images.xcassets in Resources */ = {isa = PBXBuildFile; fileRef = D625F04E1A81C65A00EFD3B4 /* Images.xcassets */; };
		D625F0561A81C66500EFD3B4 /* LaunchScreen.xib in Resources */ = {isa = PBXBuildFile; fileRef = D625F0521A81C66500EFD3B4 /* LaunchScreen.xib */; };
		D625F0571A81C66500EFD3B4 /* Main.storyboard in Resources */ = {isa = PBXBuildFile; fileRef = D625F0541A81C66500EFD3B4 /* Main.storyboard */; };
		D625F0591A81C67F00EFD3B4 /* OneDollerGestureRecognizer.swift in Sources */ = {isa = PBXBuildFile; fileRef = D625F0581A81C67F00EFD3B4 /* OneDollerGestureRecognizer.swift */; };
		D625F05C1A81C6AD00EFD3B4 /* OneDollerGestureRecognizerDemoTests.swift in Sources */ = {isa = PBXBuildFile; fileRef = D625F05A1A81C69500EFD3B4 /* OneDollerGestureRecognizerDemoTests.swift */; };
/* End PBXBuildFile section */

/* Begin PBXContainerItemProxy section */
		84B01AE51A81231E0032CBC5 /* PBXContainerItemProxy */ = {
			isa = PBXContainerItemProxy;
			containerPortal = 84B01AC71A81231D0032CBC5 /* Project object */;
			proxyType = 1;
			remoteGlobalIDString = 84B01ACE1A81231D0032CBC5;
			remoteInfo = DollerGestureRecognizerDemo;
		};
/* End PBXContainerItemProxy section */

/* Begin PBXFileReference section */
		84B01ACF1A81231D0032CBC5 /* OneDollerGestureRecognizerDemo.app */ = {isa = PBXFileReference; explicitFileType = wrapper.application; includeInIndex = 0; path = OneDollerGestureRecognizerDemo.app; sourceTree = BUILT_PRODUCTS_DIR; };
		84B01AD31A81231D0032CBC5 /* Info.plist */ = {isa = PBXFileReference; lastKnownFileType = text.plist; name = Info.plist; path = OneDollerGestureRecognizerDemo/Info.plist; sourceTree = "<group>"; };
		84B01AE41A81231E0032CBC5 /* OneDollerGestureRecognizerDemoTests.xctest */ = {isa = PBXFileReference; explicitFileType = wrapper.cfbundle; includeInIndex = 0; path = OneDollerGestureRecognizerDemoTests.xctest; sourceTree = BUILT_PRODUCTS_DIR; };
		84B01AE91A81231E0032CBC5 /* Info.plist */ = {isa = PBXFileReference; lastKnownFileType = text.plist; name = Info.plist; path = OneDollerGestureRecognizerDemoTests/Info.plist; sourceTree = "<group>"; };
		D625F0411A81C61F00EFD3B4 /* AppDelegate.swift */ = {isa = PBXFileReference; fileEncoding = 4; lastKnownFileType = sourcecode.swift; name = AppDelegate.swift; path = OneDollerGestureRecognizerDemo/AppDelegate.swift; sourceTree = SOURCE_ROOT; };
		D625F0421A81C61F00EFD3B4 /* GestureView.swift */ = {isa = PBXFileReference; fileEncoding = 4; lastKnownFileType = sourcecode.swift; name = GestureView.swift; path = OneDollerGestureRecognizerDemo/GestureView.swift; sourceTree = SOURCE_ROOT; };
		D625F0431A81C61F00EFD3B4 /* ViewController.swift */ = {isa = PBXFileReference; fileEncoding = 4; lastKnownFileType = sourcecode.swift; name = ViewController.swift; path = OneDollerGestureRecognizerDemo/ViewController.swift; sourceTree = SOURCE_ROOT; };
		D625F04E1A81C65A00EFD3B4 /* Images.xcassets */ = {isa = PBXFileReference; lastKnownFileType = folder.assetcatalog; name = Images.xcassets; path = OneDollerGestureRecognizerDemo/Images.xcassets; sourceTree = SOURCE_ROOT; };
		D625F0531A81C66500EFD3B4 /* Base */ = {isa = PBXFileReference; lastKnownFileType = file.xib; name = Base; path = OneDollerGestureRecognizerDemo/Base.lproj/LaunchScreen.xib; sourceTree = SOURCE_ROOT; };
		D625F0551A81C66500EFD3B4 /* Base */ = {isa = PBXFileReference; lastKnownFileType = file.storyboard; name = Base; path = OneDollerGestureRecognizerDemo/Base.lproj/Main.storyboard; sourceTree = SOURCE_ROOT; };
		D625F0581A81C67F00EFD3B4 /* OneDollerGestureRecognizer.swift */ = {isa = PBXFileReference; fileEncoding = 4; lastKnownFileType = sourcecode.swift; name = OneDollerGestureRecognizer.swift; path = OneDollerGestureRecognizer/OneDollerGestureRecognizer.swift; sourceTree = "<group>"; };
		D625F05A1A81C69500EFD3B4 /* OneDollerGestureRecognizerDemoTests.swift */ = {isa = PBXFileReference; fileEncoding = 4; lastKnownFileType = sourcecode.swift; name = OneDollerGestureRecognizerDemoTests.swift; path = OneDollerGestureRecognizerDemoTests/OneDollerGestureRecognizerDemoTests.swift; sourceTree = SOURCE_ROOT; };
/* End PBXFileReference section */

/* Begin PBXFrameworksBuildPhase section */
		84B01ACC1A81231D0032CBC5 /* Frameworks */ = {
			isa = PBXFrameworksBuildPhase;
			buildActionMask = 2147483647;
			files = (
			);
			runOnlyForDeploymentPostprocessing = 0;
		};
		84B01AE11A81231E0032CBC5 /* Frameworks */ = {
			isa = PBXFrameworksBuildPhase;
			buildActionMask = 2147483647;
			files = (
			);
			runOnlyForDeploymentPostprocessing = 0;
		};
/* End PBXFrameworksBuildPhase section */

/* Begin PBXGroup section */
		84B01AC61A81231D0032CBC5 = {
			isa = PBXGroup;
			children = (
				84B01AF41A8123290032CBC5 /* OneDollerGestureRecognizer */,
				84B01AD11A81231D0032CBC5 /* OneDollerGestureRecognizerDemo */,
				84B01AE71A81231E0032CBC5 /* OneDollerGestureRecognizerDemoTests */,
				84B01AD01A81231D0032CBC5 /* Products */,
			);
			sourceTree = "<group>";
		};
		84B01AD01A81231D0032CBC5 /* Products */ = {
			isa = PBXGroup;
			children = (
				84B01ACF1A81231D0032CBC5 /* OneDollerGestureRecognizerDemo.app */,
				84B01AE41A81231E0032CBC5 /* OneDollerGestureRecognizerDemoTests.xctest */,
			);
			name = Products;
			sourceTree = "<group>";
		};
		84B01AD11A81231D0032CBC5 /* OneDollerGestureRecognizerDemo */ = {
			isa = PBXGroup;
			children = (
				D625F0411A81C61F00EFD3B4 /* AppDelegate.swift */,
				D625F0431A81C61F00EFD3B4 /* ViewController.swift */,
				D625F0421A81C61F00EFD3B4 /* GestureView.swift */,
				D625F0521A81C66500EFD3B4 /* LaunchScreen.xib */,
				D625F0541A81C66500EFD3B4 /* Main.storyboard */,
				D625F04E1A81C65A00EFD3B4 /* Images.xcassets */,
				84B01AD21A81231D0032CBC5 /* Supporting Files */,
			);
			name = OneDollerGestureRecognizerDemo;
			path = DollerGestureRecognizerDemo;
			sourceTree = "<group>";
		};
		84B01AD21A81231D0032CBC5 /* Supporting Files */ = {
			isa = PBXGroup;
			children = (
				84B01AD31A81231D0032CBC5 /* Info.plist */,
			);
			name = "Supporting Files";
			sourceTree = "<group>";
		};
		84B01AE71A81231E0032CBC5 /* OneDollerGestureRecognizerDemoTests */ = {
			isa = PBXGroup;
			children = (
				D625F05A1A81C69500EFD3B4 /* OneDollerGestureRecognizerDemoTests.swift */,
				84B01AE81A81231E0032CBC5 /* Supporting Files */,
			);
			name = OneDollerGestureRecognizerDemoTests;
			path = DollerGestureRecognizerDemoTests;
			sourceTree = "<group>";
		};
		84B01AE81A81231E0032CBC5 /* Supporting Files */ = {
			isa = PBXGroup;
			children = (
				84B01AE91A81231E0032CBC5 /* Info.plist */,
			);
			name = "Supporting Files";
			sourceTree = "<group>";
		};
		84B01AF41A8123290032CBC5 /* OneDollerGestureRecognizer */ = {
			isa = PBXGroup;
			children = (
				D625F0581A81C67F00EFD3B4 /* OneDollerGestureRecognizer.swift */,
			);
			name = OneDollerGestureRecognizer;
			sourceTree = "<group>";
		};
/* End PBXGroup section */

/* Begin PBXNativeTarget section */
		84B01ACE1A81231D0032CBC5 /* OneDollerGestureRecognizerDemo */ = {
			isa = PBXNativeTarget;
			buildConfigurationList = 84B01AEE1A81231E0032CBC5 /* Build configuration list for PBXNativeTarget "OneDollerGestureRecognizerDemo" */;
			buildPhases = (
				84B01ACB1A81231D0032CBC5 /* Sources */,
				84B01ACC1A81231D0032CBC5 /* Frameworks */,
				84B01ACD1A81231D0032CBC5 /* Resources */,
			);
			buildRules = (
			);
			dependencies = (
			);
			name = OneDollerGestureRecognizerDemo;
			productName = DollerGestureRecognizerDemo;
			productReference = 84B01ACF1A81231D0032CBC5 /* OneDollerGestureRecognizerDemo.app */;
			productType = "com.apple.product-type.application";
		};
		84B01AE31A81231E0032CBC5 /* OneDollerGestureRecognizerDemoTests */ = {
			isa = PBXNativeTarget;
			buildConfigurationList = 84B01AF11A81231E0032CBC5 /* Build configuration list for PBXNativeTarget "OneDollerGestureRecognizerDemoTests" */;
			buildPhases = (
				84B01AE01A81231E0032CBC5 /* Sources */,
				84B01AE11A81231E0032CBC5 /* Frameworks */,
				84B01AE21A81231E0032CBC5 /* Resources */,
			);
			buildRules = (
			);
			dependencies = (
				84B01AE61A81231E0032CBC5 /* PBXTargetDependency */,
			);
			name = OneDollerGestureRecognizerDemoTests;
			productName = DollerGestureRecognizerDemoTests;
			productReference = 84B01AE41A81231E0032CBC5 /* OneDollerGestureRecognizerDemoTests.xctest */;
			productType = "com.apple.product-type.bundle.unit-test";
		};
/* End PBXNativeTarget section */

/* Begin PBXProject section */
		84B01AC71A81231D0032CBC5 /* Project object */ = {
			isa = PBXProject;
			attributes = {
				LastUpgradeCheck = 0620;
				ORGANIZATIONNAME = "Yoshiki Kurihara";
				TargetAttributes = {
					84B01ACE1A81231D0032CBC5 = {
						CreatedOnToolsVersion = 6.2;
					};
					84B01AE31A81231E0032CBC5 = {
						CreatedOnToolsVersion = 6.2;
						TestTargetID = 84B01ACE1A81231D0032CBC5;
					};
				};
			};
			buildConfigurationList = 84B01ACA1A81231D0032CBC5 /* Build configuration list for PBXProject "OneDollerGestureRecognizerDemo" */;
			compatibilityVersion = "Xcode 3.2";
			developmentRegion = English;
			hasScannedForEncodings = 0;
			knownRegions = (
				en,
				Base,
			);
			mainGroup = 84B01AC61A81231D0032CBC5;
			productRefGroup = 84B01AD01A81231D0032CBC5 /* Products */;
			projectDirPath = "";
			projectRoot = "";
			targets = (
				84B01ACE1A81231D0032CBC5 /* OneDollerGestureRecognizerDemo */,
				84B01AE31A81231E0032CBC5 /* OneDollerGestureRecognizerDemoTests */,
			);
		};
/* End PBXProject section */

/* Begin PBXResourcesBuildPhase section */
		84B01ACD1A81231D0032CBC5 /* Resources */ = {
			isa = PBXResourcesBuildPhase;
			buildActionMask = 2147483647;
			files = (
				D625F0571A81C66500EFD3B4 /* Main.storyboard in Resources */,
				D625F0561A81C66500EFD3B4 /* LaunchScreen.xib in Resources */,
				D625F0511A81C65A00EFD3B4 /* Images.xcassets in Resources */,
			);
			runOnlyForDeploymentPostprocessing = 0;
		};
		84B01AE21A81231E0032CBC5 /* Resources */ = {
			isa = PBXResourcesBuildPhase;
			buildActionMask = 2147483647;
			files = (
			);
			runOnlyForDeploymentPostprocessing = 0;
		};
/* End PBXResourcesBuildPhase section */

/* Begin PBXSourcesBuildPhase section */
		84B01ACB1A81231D0032CBC5 /* Sources */ = {
			isa = PBXSourcesBuildPhase;
			buildActionMask = 2147483647;
			files = (
				D625F0591A81C67F00EFD3B4 /* OneDollerGestureRecognizer.swift in Sources */,
				D625F0441A81C61F00EFD3B4 /* AppDelegate.swift in Sources */,
				D625F0461A81C61F00EFD3B4 /* ViewController.swift in Sources */,
				D625F0451A81C61F00EFD3B4 /* GestureView.swift in Sources */,
			);
			runOnlyForDeploymentPostprocessing = 0;
		};
		84B01AE01A81231E0032CBC5 /* Sources */ = {
			isa = PBXSourcesBuildPhase;
			buildActionMask = 2147483647;
			files = (
				D625F05C1A81C6AD00EFD3B4 /* OneDollerGestureRecognizerDemoTests.swift in Sources */,
			);
			runOnlyForDeploymentPostprocessing = 0;
		};
/* End PBXSourcesBuildPhase section */

/* Begin PBXTargetDependency section */
		84B01AE61A81231E0032CBC5 /* PBXTargetDependency */ = {
			isa = PBXTargetDependency;
			target = 84B01ACE1A81231D0032CBC5 /* OneDollerGestureRecognizerDemo */;
			targetProxy = 84B01AE51A81231E0032CBC5 /* PBXContainerItemProxy */;
		};
/* End PBXTargetDependency section */

/* Begin PBXVariantGroup section */
		D625F0521A81C66500EFD3B4 /* LaunchScreen.xib */ = {
			isa = PBXVariantGroup;
			children = (
				D625F0531A81C66500EFD3B4 /* Base */,
			);
			name = LaunchScreen.xib;
			sourceTree = "<group>";
		};
		D625F0541A81C66500EFD3B4 /* Main.storyboard */ = {
			isa = PBXVariantGroup;
			children = (
				D625F0551A81C66500EFD3B4 /* Base */,
			);
			name = Main.storyboard;
			sourceTree = "<group>";
		};
/* End PBXVariantGroup section */

/* Begin XCBuildConfiguration section */
		84B01AEC1A81231E0032CBC5 /* Debug */ = {
			isa = XCBuildConfiguration;
			buildSettings = {
				ALWAYS_SEARCH_USER_PATHS = NO;
				CLANG_CXX_LANGUAGE_STANDARD = "gnu++0x";
				CLANG_CXX_LIBRARY = "libc++";
				CLANG_ENABLE_MODULES = YES;
				CLANG_ENABLE_OBJC_ARC = YES;
				CLANG_WARN_BOOL_CONVERSION = YES;
				CLANG_WARN_CONSTANT_CONVERSION = YES;
				CLANG_WARN_DIRECT_OBJC_ISA_USAGE = YES_ERROR;
				CLANG_WARN_EMPTY_BODY = YES;
				CLANG_WARN_ENUM_CONVERSION = YES;
				CLANG_WARN_INT_CONVERSION = YES;
				CLANG_WARN_OBJC_ROOT_CLASS = YES_ERROR;
				CLANG_WARN_UNREACHABLE_CODE = YES;
				CLANG_WARN__DUPLICATE_METHOD_MATCH = YES;
				"CODE_SIGN_IDENTITY[sdk=iphoneos*]" = "iPhone Developer";
				COPY_PHASE_STRIP = NO;
				ENABLE_STRICT_OBJC_MSGSEND = YES;
				GCC_C_LANGUAGE_STANDARD = gnu99;
				GCC_DYNAMIC_NO_PIC = NO;
				GCC_OPTIMIZATION_LEVEL = 0;
				GCC_PREPROCESSOR_DEFINITIONS = (
					"DEBUG=1",
					"$(inherited)",
				);
				GCC_SYMBOLS_PRIVATE_EXTERN = NO;
				GCC_WARN_64_TO_32_BIT_CONVERSION = YES;
				GCC_WARN_ABOUT_RETURN_TYPE = YES_ERROR;
				GCC_WARN_UNDECLARED_SELECTOR = YES;
				GCC_WARN_UNINITIALIZED_AUTOS = YES_AGGRESSIVE;
				GCC_WARN_UNUSED_FUNCTION = YES;
				GCC_WARN_UNUSED_VARIABLE = YES;
				IPHONEOS_DEPLOYMENT_TARGET = 8.2;
				MTL_ENABLE_DEBUG_INFO = YES;
				ONLY_ACTIVE_ARCH = YES;
				SDKROOT = iphoneos;
				SWIFT_OPTIMIZATION_LEVEL = "-Onone";
			};
			name = Debug;
		};
		84B01AED1A81231E0032CBC5 /* Release */ = {
			isa = XCBuildConfiguration;
			buildSettings = {
				ALWAYS_SEARCH_USER_PATHS = NO;
				CLANG_CXX_LANGUAGE_STANDARD = "gnu++0x";
				CLANG_CXX_LIBRARY = "libc++";
				CLANG_ENABLE_MODULES = YES;
				CLANG_ENABLE_OBJC_ARC = YES;
				CLANG_WARN_BOOL_CONVERSION = YES;
				CLANG_WARN_CONSTANT_CONVERSION = YES;
				CLANG_WARN_DIRECT_OBJC_ISA_USAGE = YES_ERROR;
				CLANG_WARN_EMPTY_BODY = YES;
				CLANG_WARN_ENUM_CONVERSION = YES;
				CLANG_WARN_INT_CONVERSION = YES;
				CLANG_WARN_OBJC_ROOT_CLASS = YES_ERROR;
				CLANG_WARN_UNREACHABLE_CODE = YES;
				CLANG_WARN__DUPLICATE_METHOD_MATCH = YES;
				"CODE_SIGN_IDENTITY[sdk=iphoneos*]" = "iPhone Developer";
				COPY_PHASE_STRIP = NO;
				ENABLE_NS_ASSERTIONS = NO;
				ENABLE_STRICT_OBJC_MSGSEND = YES;
				GCC_C_LANGUAGE_STANDARD = gnu99;
				GCC_WARN_64_TO_32_BIT_CONVERSION = YES;
				GCC_WARN_ABOUT_RETURN_TYPE = YES_ERROR;
				GCC_WARN_UNDECLARED_SELECTOR = YES;
				GCC_WARN_UNINITIALIZED_AUTOS = YES_AGGRESSIVE;
				GCC_WARN_UNUSED_FUNCTION = YES;
				GCC_WARN_UNUSED_VARIABLE = YES;
				IPHONEOS_DEPLOYMENT_TARGET = 8.2;
				MTL_ENABLE_DEBUG_INFO = NO;
				SDKROOT = iphoneos;
				VALIDATE_PRODUCT = YES;
			};
			name = Release;
		};
		84B01AEF1A81231E0032CBC5 /* Debug */ = {
			isa = XCBuildConfiguration;
			buildSettings = {
				ASSETCATALOG_COMPILER_APPICON_NAME = AppIcon;
				INFOPLIST_FILE = OneDollerGestureRecognizerDemo/Info.plist;
				LD_RUNPATH_SEARCH_PATHS = "$(inherited) @executable_path/Frameworks";
				OTHER_SWIFT_FLAGS = "-D DEBUG";
				PRODUCT_NAME = OneDollerGestureRecognizerDemo;
			};
			name = Debug;
		};
		84B01AF01A81231E0032CBC5 /* Release */ = {
			isa = XCBuildConfiguration;
			buildSettings = {
				ASSETCATALOG_COMPILER_APPICON_NAME = AppIcon;
				INFOPLIST_FILE = OneDollerGestureRecognizerDemo/Info.plist;
				LD_RUNPATH_SEARCH_PATHS = "$(inherited) @executable_path/Frameworks";
				OTHER_SWIFT_FLAGS = "";
				PRODUCT_NAME = OneDollerGestureRecognizerDemo;
			};
			name = Release;
		};
		84B01AF21A81231E0032CBC5 /* Debug */ = {
			isa = XCBuildConfiguration;
			buildSettings = {
				BUNDLE_LOADER = "$(TEST_HOST)";
				FRAMEWORK_SEARCH_PATHS = (
					"$(SDKROOT)/Developer/Library/Frameworks",
					"$(inherited)",
				);
				GCC_PREPROCESSOR_DEFINITIONS = (
					"DEBUG=1",
					"$(inherited)",
				);
				INFOPLIST_FILE = OneDollerGestureRecognizerDemoTests/Info.plist;
				LD_RUNPATH_SEARCH_PATHS = "$(inherited) @executable_path/Frameworks @loader_path/Frameworks";
				PRODUCT_NAME = OneDollerGestureRecognizerDemoTests;
				TEST_HOST = "$(BUILT_PRODUCTS_DIR)/OneDollerGestureRecognizerDemo.app/OneDollerGestureRecognizerDemo";
			};
			name = Debug;
		};
		84B01AF31A81231E0032CBC5 /* Release */ = {
			isa = XCBuildConfiguration;
			buildSettings = {
				BUNDLE_LOADER = "$(TEST_HOST)";
				FRAMEWORK_SEARCH_PATHS = (
					"$(SDKROOT)/Developer/Library/Frameworks",
					"$(inherited)",
				);
				INFOPLIST_FILE = OneDollerGestureRecognizerDemoTests/Info.plist;
				LD_RUNPATH_SEARCH_PATHS = "$(inherited) @executable_path/Frameworks @loader_path/Frameworks";
				PRODUCT_NAME = OneDollerGestureRecognizerDemoTests;
				TEST_HOST = "$(BUILT_PRODUCTS_DIR)/OneDollerGestureRecognizerDemo.app/OneDollerGestureRecognizerDemo";
			};
			name = Release;
		};
/* End XCBuildConfiguration section */

/* Begin XCConfigurationList section */
		84B01ACA1A81231D0032CBC5 /* Build configuration list for PBXProject "OneDollerGestureRecognizerDemo" */ = {
			isa = XCConfigurationList;
			buildConfigurations = (
				84B01AEC1A81231E0032CBC5 /* Debug */,
				84B01AED1A81231E0032CBC5 /* Release */,
			);
			defaultConfigurationIsVisible = 0;
			defaultConfigurationName = Release;
		};
		84B01AEE1A81231E0032CBC5 /* Build configuration list for PBXNativeTarget "OneDollerGestureRecognizerDemo" */ = {
			isa = XCConfigurationList;
			buildConfigurations = (
				84B01AEF1A81231E0032CBC5 /* Debug */,
				84B01AF01A81231E0032CBC5 /* Release */,
			);
			defaultConfigurationIsVisible = 0;
			defaultConfigurationName = Release;
		};
		84B01AF11A81231E0032CBC5 /* Build configuration list for PBXNativeTarget "OneDollerGestureRecognizerDemoTests" */ = {
			isa = XCConfigurationList;
			buildConfigurations = (
				84B01AF21A81231E0032CBC5 /* Debug */,
				84B01AF31A81231E0032CBC5 /* Release */,
			);
			defaultConfigurationIsVisible = 0;
			defaultConfigurationName = Release;
		};
/* End XCConfigurationList section */
	};
	rootObject = 84B01AC71A81231D0032CBC5 /* Project object */;
}
